// !$*UTF8*$!
{
	archiveVersion = 1;
	classes = {
	};
	objectVersion = 50;
	objects = {

/* Begin PBXBuildFile section */
		50B4092F220240870043F8E9 /* AppDelegate.swift in Sources */ = {isa = PBXBuildFile; fileRef = 50B4092E220240870043F8E9 /* AppDelegate.swift */; };
		50B40931220240870043F8E9 /* ViewController.swift in Sources */ = {isa = PBXBuildFile; fileRef = 50B40930220240870043F8E9 /* ViewController.swift */; };
		50B40934220240870043F8E9 /* Main.storyboard in Resources */ = {isa = PBXBuildFile; fileRef = 50B40932220240870043F8E9 /* Main.storyboard */; };
		50B40936220240890043F8E9 /* Assets.xcassets in Resources */ = {isa = PBXBuildFile; fileRef = 50B40935220240890043F8E9 /* Assets.xcassets */; };
		50B40939220240890043F8E9 /* LaunchScreen.storyboard in Resources */ = {isa = PBXBuildFile; fileRef = 50B40937220240890043F8E9 /* LaunchScreen.storyboard */; };
		50B4095D220259C70043F8E9 /* Game.swift in Sources */ = {isa = PBXBuildFile; fileRef = 50B4095C220259C70043F8E9 /* Game.swift */; };
/* End PBXBuildFile section */

/* Begin PBXContainerItemProxy section */
		50B409402202408A0043F8E9 /* PBXContainerItemProxy */ = {
			isa = PBXContainerItemProxy;
			containerPortal = 50B40923220240870043F8E9 /* Project object */;
			proxyType = 1;
			remoteGlobalIDString = 50B4092A220240870043F8E9;
			remoteInfo = "Apple Pie";
		};
		50B4094B2202408A0043F8E9 /* PBXContainerItemProxy */ = {
			isa = PBXContainerItemProxy;
			containerPortal = 50B40923220240870043F8E9 /* Project object */;
			proxyType = 1;
			remoteGlobalIDString = 50B4092A220240870043F8E9;
			remoteInfo = "Apple Pie";
		};
/* End PBXContainerItemProxy section */

/* Begin PBXFileReference section */
		50B4092B220240870043F8E9 /* Apple Pie.app */ = {isa = PBXFileReference; explicitFileType = wrapper.application; includeInIndex = 0; path = "Apple Pie.app"; sourceTree = BUILT_PRODUCTS_DIR; };
		50B4092E220240870043F8E9 /* AppDelegate.swift */ = {isa = PBXFileReference; lastKnownFileType = sourcecode.swift; path = AppDelegate.swift; sourceTree = "<group>"; };
		50B40930220240870043F8E9 /* ViewController.swift */ = {isa = PBXFileReference; lastKnownFileType = sourcecode.swift; path = ViewController.swift; sourceTree = "<group>"; };
		50B40933220240870043F8E9 /* Base */ = {isa = PBXFileReference; lastKnownFileType = file.storyboard; name = Base; path = Base.lproj/Main.storyboard; sourceTree = "<group>"; };
		50B40935220240890043F8E9 /* Assets.xcassets */ = {isa = PBXFileReference; lastKnownFileType = folder.assetcatalog; path = Assets.xcassets; sourceTree = "<group>"; };
		50B40938220240890043F8E9 /* Base */ = {isa = PBXFileReference; lastKnownFileType = file.storyboard; name = Base; path = Base.lproj/LaunchScreen.storyboard; sourceTree = "<group>"; };
		50B4093A220240890043F8E9 /* Info.plist */ = {isa = PBXFileReference; lastKnownFileType = text.plist.xml; path = Info.plist; sourceTree = "<group>"; };
		50B4093F2202408A0043F8E9 /* Apple PieTests.xctest */ = {isa = PBXFileReference; explicitFileType = wrapper.cfbundle; includeInIndex = 0; path = "Apple PieTests.xctest"; sourceTree = BUILT_PRODUCTS_DIR; };
		50B4094A2202408A0043F8E9 /* Apple PieUITests.xctest */ = {isa = PBXFileReference; explicitFileType = wrapper.cfbundle; includeInIndex = 0; path = "Apple PieUITests.xctest"; sourceTree = BUILT_PRODUCTS_DIR; };
		50B4095C220259C70043F8E9 /* Game.swift */ = {isa = PBXFileReference; lastKnownFileType = sourcecode.swift; path = Game.swift; sourceTree = "<group>"; };
/* End PBXFileReference section */

/* Begin PBXFrameworksBuildPhase section */
		50B40928220240870043F8E9 /* Frameworks */ = {
			isa = PBXFrameworksBuildPhase;
			buildActionMask = 2147483647;
			files = (
			);
			runOnlyForDeploymentPostprocessing = 0;
		};
		50B4093C2202408A0043F8E9 /* Frameworks */ = {
			isa = PBXFrameworksBuildPhase;
			buildActionMask = 2147483647;
			files = (
			);
			runOnlyForDeploymentPostprocessing = 0;
		};
		50B409472202408A0043F8E9 /* Frameworks */ = {
			isa = PBXFrameworksBuildPhase;
			buildActionMask = 2147483647;
			files = (
			);
			runOnlyForDeploymentPostprocessing = 0;
		};
/* End PBXFrameworksBuildPhase section */

/* Begin PBXGroup section */
		50B40922220240870043F8E9 = {
			isa = PBXGroup;
			children = (
				50B4092D220240870043F8E9 /* Apple Pie */,
				50B4092C220240870043F8E9 /* Products */,
			);
			sourceTree = "<group>";
		};
		50B4092C220240870043F8E9 /* Products */ = {
			isa = PBXGroup;
			children = (
				50B4092B220240870043F8E9 /* Apple Pie.app */,
				50B4093F2202408A0043F8E9 /* Apple PieTests.xctest */,
				50B4094A2202408A0043F8E9 /* Apple PieUITests.xctest */,
			);
			name = Products;
			sourceTree = "<group>";
		};
		50B4092D220240870043F8E9 /* Apple Pie */ = {
			isa = PBXGroup;
			children = (
				50B4092E220240870043F8E9 /* AppDelegate.swift */,
				50B40930220240870043F8E9 /* ViewController.swift */,
				50B4095C220259C70043F8E9 /* Game.swift */,
				50B40932220240870043F8E9 /* Main.storyboard */,
				50B40935220240890043F8E9 /* Assets.xcassets */,
				50B40937220240890043F8E9 /* LaunchScreen.storyboard */,
				50B4093A220240890043F8E9 /* Info.plist */,
			);
			path = "Apple Pie";
			sourceTree = "<group>";
		};
/* End PBXGroup section */

/* Begin PBXNativeTarget section */
		50B4092A220240870043F8E9 /* Apple Pie */ = {
			isa = PBXNativeTarget;
			buildConfigurationList = 50B409532202408A0043F8E9 /* Build configuration list for PBXNativeTarget "Apple Pie" */;
			buildPhases = (
				50B40927220240870043F8E9 /* Sources */,
				50B40928220240870043F8E9 /* Frameworks */,
				50B40929220240870043F8E9 /* Resources */,
			);
			buildRules = (
			);
			dependencies = (
			);
			name = "Apple Pie";
			productName = "Apple Pie";
			productReference = 50B4092B220240870043F8E9 /* Apple Pie.app */;
			productType = "com.apple.product-type.application";
		};
		50B4093E2202408A0043F8E9 /* Apple PieTests */ = {
			isa = PBXNativeTarget;
			buildConfigurationList = 50B409562202408A0043F8E9 /* Build configuration list for PBXNativeTarget "Apple PieTests" */;
			buildPhases = (
				50B4093B2202408A0043F8E9 /* Sources */,
				50B4093C2202408A0043F8E9 /* Frameworks */,
				50B4093D2202408A0043F8E9 /* Resources */,
			);
			buildRules = (
			);
			dependencies = (
				50B409412202408A0043F8E9 /* PBXTargetDependency */,
			);
			name = "Apple PieTests";
			productName = "Apple PieTests";
			productReference = 50B4093F2202408A0043F8E9 /* Apple PieTests.xctest */;
			productType = "com.apple.product-type.bundle.unit-test";
		};
		50B409492202408A0043F8E9 /* Apple PieUITests */ = {
			isa = PBXNativeTarget;
			buildConfigurationList = 50B409592202408A0043F8E9 /* Build configuration list for PBXNativeTarget "Apple PieUITests" */;
			buildPhases = (
				50B409462202408A0043F8E9 /* Sources */,
				50B409472202408A0043F8E9 /* Frameworks */,
				50B409482202408A0043F8E9 /* Resources */,
			);
			buildRules = (
			);
			dependencies = (
				50B4094C2202408A0043F8E9 /* PBXTargetDependency */,
			);
			name = "Apple PieUITests";
			productName = "Apple PieUITests";
			productReference = 50B4094A2202408A0043F8E9 /* Apple PieUITests.xctest */;
			productType = "com.apple.product-type.bundle.ui-testing";
		};
/* End PBXNativeTarget section */

/* Begin PBXProject section */
		50B40923220240870043F8E9 /* Project object */ = {
			isa = PBXProject;
			attributes = {
				LastSwiftUpdateCheck = 1010;
				LastUpgradeCheck = 1010;
				ORGANIZATIONNAME = "Aseel Alshohatee";
				TargetAttributes = {
					50B4092A220240870043F8E9 = {
						CreatedOnToolsVersion = 10.1;
					};
					50B4093E2202408A0043F8E9 = {
						CreatedOnToolsVersion = 10.1;
						TestTargetID = 50B4092A220240870043F8E9;
					};
					50B409492202408A0043F8E9 = {
						CreatedOnToolsVersion = 10.1;
						TestTargetID = 50B4092A220240870043F8E9;
					};
				};
			};
			buildConfigurationList = 50B40926220240870043F8E9 /* Build configuration list for PBXProject "Apple Pie" */;
			compatibilityVersion = "Xcode 9.3";
			developmentRegion = en;
			hasScannedForEncodings = 0;
			knownRegions = (
				en,
				Base,
			);
			mainGroup = 50B40922220240870043F8E9;
			productRefGroup = 50B4092C220240870043F8E9 /* Products */;
			projectDirPath = "";
			projectRoot = "";
			targets = (
				50B4092A220240870043F8E9 /* Apple Pie */,
				50B4093E2202408A0043F8E9 /* Apple PieTests */,
				50B409492202408A0043F8E9 /* Apple PieUITests */,
			);
		};
/* End PBXProject section */

/* Begin PBXResourcesBuildPhase section */
		50B40929220240870043F8E9 /* Resources */ = {
			isa = PBXResourcesBuildPhase;
			buildActionMask = 2147483647;
			files = (
				50B40939220240890043F8E9 /* LaunchScreen.storyboard in Resources */,
				50B40936220240890043F8E9 /* Assets.xcassets in Resources */,
				50B40934220240870043F8E9 /* Main.storyboard in Resources */,
			);
			runOnlyForDeploymentPostprocessing = 0;
		};
		50B4093D2202408A0043F8E9 /* Resources */ = {
			isa = PBXResourcesBuildPhase;
			buildActionMask = 2147483647;
			files = (
			);
			runOnlyForDeploymentPostprocessing = 0;
		};
		50B409482202408A0043F8E9 /* Resources */ = {
			isa = PBXResourcesBuildPhase;
			buildActionMask = 2147483647;
			files = (
			);
			runOnlyForDeploymentPostprocessing = 0;
		};
/* End PBXResourcesBuildPhase section */

/* Begin PBXSourcesBuildPhase section */
		50B40927220240870043F8E9 /* Sources */ = {
			isa = PBXSourcesBuildPhase;
			buildActionMask = 2147483647;
			files = (
				50B40931220240870043F8E9 /* ViewController.swift in Sources */,
				50B4095D220259C70043F8E9 /* Game.swift in Sources */,
				50B4092F220240870043F8E9 /* AppDelegate.swift in Sources */,
			);
			runOnlyForDeploymentPostprocessing = 0;
		};
		50B4093B2202408A0043F8E9 /* Sources */ = {
			isa = PBXSourcesBuildPhase;
			buildActionMask = 2147483647;
			files = (
			);
			runOnlyForDeploymentPostprocessing = 0;
		};
		50B409462202408A0043F8E9 /* Sources */ = {
			isa = PBXSourcesBuildPhase;
			buildActionMask = 2147483647;
			files = (
			);
			runOnlyForDeploymentPostprocessing = 0;
		};
/* End PBXSourcesBuildPhase section */

/* Begin PBXTargetDependency section */
		50B409412202408A0043F8E9 /* PBXTargetDependency */ = {
			isa = PBXTargetDependency;
			target = 50B4092A220240870043F8E9 /* Apple Pie */;
			targetProxy = 50B409402202408A0043F8E9 /* PBXContainerItemProxy */;
		};
		50B4094C2202408A0043F8E9 /* PBXTargetDependency */ = {
			isa = PBXTargetDependency;
			target = 50B4092A220240870043F8E9 /* Apple Pie */;
			targetProxy = 50B4094B2202408A0043F8E9 /* PBXContainerItemProxy */;
		};
/* End PBXTargetDependency section */

/* Begin PBXVariantGroup section */
		50B40932220240870043F8E9 /* Main.storyboard */ = {
			isa = PBXVariantGroup;
			children = (
				50B40933220240870043F8E9 /* Base */,
			);
			name = Main.storyboard;
			sourceTree = "<group>";
		};
		50B40937220240890043F8E9 /* LaunchScreen.storyboard */ = {
			isa = PBXVariantGroup;
			children = (
				50B40938220240890043F8E9 /* Base */,
			);
			name = LaunchScreen.storyboard;
			sourceTree = "<group>";
		};
/* End PBXVariantGroup section */

/* Begin XCBuildConfiguration section */
		50B409512202408A0043F8E9 /* Debug */ = {
			isa = XCBuildConfiguration;
			buildSettings = {
				ALWAYS_SEARCH_USER_PATHS = NO;
				CLANG_ANALYZER_NONNULL = YES;
				CLANG_ANALYZER_NUMBER_OBJECT_CONVERSION = YES_AGGRESSIVE;
				CLANG_CXX_LANGUAGE_STANDARD = "gnu++14";
				CLANG_CXX_LIBRARY = "libc++";
				CLANG_ENABLE_MODULES = YES;
				CLANG_ENABLE_OBJC_ARC = YES;
				CLANG_ENABLE_OBJC_WEAK = YES;
				CLANG_WARN_BLOCK_CAPTURE_AUTORELEASING = YES;
				CLANG_WARN_BOOL_CONVERSION = YES;
				CLANG_WARN_COMMA = YES;
				CLANG_WARN_CONSTANT_CONVERSION = YES;
				CLANG_WARN_DEPRECATED_OBJC_IMPLEMENTATIONS = YES;
				CLANG_WARN_DIRECT_OBJC_ISA_USAGE = YES_ERROR;
				CLANG_WARN_DOCUMENTATION_COMMENTS = YES;
				CLANG_WARN_EMPTY_BODY = YES;
				CLANG_WARN_ENUM_CONVERSION = YES;
				CLANG_WARN_INFINITE_RECURSION = YES;
				CLANG_WARN_INT_CONVERSION = YES;
				CLANG_WARN_NON_LITERAL_NULL_CONVERSION = YES;
				CLANG_WARN_OBJC_IMPLICIT_RETAIN_SELF = YES;
				CLANG_WARN_OBJC_LITERAL_CONVERSION = YES;
				CLANG_WARN_OBJC_ROOT_CLASS = YES_ERROR;
				CLANG_WARN_RANGE_LOOP_ANALYSIS = YES;
				CLANG_WARN_STRICT_PROTOTYPES = YES;
				CLANG_WARN_SUSPICIOUS_MOVE = YES;
				CLANG_WARN_UNGUARDED_AVAILABILITY = YES_AGGRESSIVE;
				CLANG_WARN_UNREACHABLE_CODE = YES;
				CLANG_WARN__DUPLICATE_METHOD_MATCH = YES;
				CODE_SIGN_IDENTITY = "iPhone Developer";
				COPY_PHASE_STRIP = NO;
				DEBUG_INFORMATION_FORMAT = dwarf;
				ENABLE_STRICT_OBJC_MSGSEND = YES;
				ENABLE_TESTABILITY = YES;
				GCC_C_LANGUAGE_STANDARD = gnu11;
				GCC_DYNAMIC_NO_PIC = NO;
				GCC_NO_COMMON_BLOCKS = YES;
				GCC_OPTIMIZATION_LEVEL = 0;
				GCC_PREPROCESSOR_DEFINITIONS = (
					"DEBUG=1",
					"$(inherited)",
				);
				GCC_WARN_64_TO_32_BIT_CONVERSION = YES;
				GCC_WARN_ABOUT_RETURN_TYPE = YES_ERROR;
				GCC_WARN_UNDECLARED_SELECTOR = YES;
				GCC_WARN_UNINITIALIZED_AUTOS = YES_AGGRESSIVE;
				GCC_WARN_UNUSED_FUNCTION = YES;
				GCC_WARN_UNUSED_VARIABLE = YES;
				IPHONEOS_DEPLOYMENT_TARGET = 12.1;
				MTL_ENABLE_DEBUG_INFO = INCLUDE_SOURCE;
				MTL_FAST_MATH = YES;
				ONLY_ACTIVE_ARCH = YES;
				SDKROOT = iphoneos;
				SWIFT_ACTIVE_COMPILATION_CONDITIONS = DEBUG;
				SWIFT_OPTIMIZATION_LEVEL = "-Onone";
			};
			name = Debug;
		};
		50B409522202408A0043F8E9 /* Release */ = {
			isa = XCBuildConfiguration;
			buildSettings = {
				ALWAYS_SEARCH_USER_PATHS = NO;
				CLANG_ANALYZER_NONNULL = YES;
				CLANG_ANALYZER_NUMBER_OBJECT_CONVERSION = YES_AGGRESSIVE;
				CLANG_CXX_LANGUAGE_STANDARD = "gnu++14";
				CLANG_CXX_LIBRARY = "libc++";
				CLANG_ENABLE_MODULES = YES;
				CLANG_ENABLE_OBJC_ARC = YES;
				CLANG_ENABLE_OBJC_WEAK = YES;
				CLANG_WARN_BLOCK_CAPTURE_AUTORELEASING = YES;
				CLANG_WARN_BOOL_CONVERSION = YES;
				CLANG_WARN_COMMA = YES;
				CLANG_WARN_CONSTANT_CONVERSION = YES;
				CLANG_WARN_DEPRECATED_OBJC_IMPLEMENTATIONS = YES;
				CLANG_WARN_DIRECT_OBJC_ISA_USAGE = YES_ERROR;
				CLANG_WARN_DOCUMENTATION_COMMENTS = YES;
				CLANG_WARN_EMPTY_BODY = YES;
				CLANG_WARN_ENUM_CONVERSION = YES;
				CLANG_WARN_INFINITE_RECURSION = YES;
				CLANG_WARN_INT_CONVERSION = YES;
				CLANG_WARN_NON_LITERAL_NULL_CONVERSION = YES;
				CLANG_WARN_OBJC_IMPLICIT_RETAIN_SELF = YES;
				CLANG_WARN_OBJC_LITERAL_CONVERSION = YES;
				CLANG_WARN_OBJC_ROOT_CLASS = YES_ERROR;
				CLANG_WARN_RANGE_LOOP_ANALYSIS = YES;
				CLANG_WARN_STRICT_PROTOTYPES = YES;
				CLANG_WARN_SUSPICIOUS_MOVE = YES;
				CLANG_WARN_UNGUARDED_AVAILABILITY = YES_AGGRESSIVE;
				CLANG_WARN_UNREACHABLE_CODE = YES;
				CLANG_WARN__DUPLICATE_METHOD_MATCH = YES;
				CODE_SIGN_IDENTITY = "iPhone Developer";
				COPY_PHASE_STRIP = NO;
				DEBUG_INFORMATION_FORMAT = "dwarf-with-dsym";
				ENABLE_NS_ASSERTIONS = NO;
				ENABLE_STRICT_OBJC_MSGSEND = YES;
				GCC_C_LANGUAGE_STANDARD = gnu11;
				GCC_NO_COMMON_BLOCKS = YES;
				GCC_WARN_64_TO_32_BIT_CONVERSION = YES;
				GCC_WARN_ABOUT_RETURN_TYPE = YES_ERROR;
				GCC_WARN_UNDECLARED_SELECTOR = YES;
				GCC_WARN_UNINITIALIZED_AUTOS = YES_AGGRESSIVE;
				GCC_WARN_UNUSED_FUNCTION = YES;
				GCC_WARN_UNUSED_VARIABLE = YES;
				IPHONEOS_DEPLOYMENT_TARGET = 12.1;
				MTL_ENABLE_DEBUG_INFO = NO;
				MTL_FAST_MATH = YES;
				SDKROOT = iphoneos;
				SWIFT_COMPILATION_MODE = wholemodule;
				SWIFT_OPTIMIZATION_LEVEL = "-O";
				VALIDATE_PRODUCT = YES;
			};
			name = Release;
		};
		50B409542202408A0043F8E9 /* Debug */ = {
			isa = XCBuildConfiguration;
			buildSettings = {
				ASSETCATALOG_COMPILER_APPICON_NAME = AppIcon;
				CODE_SIGN_STYLE = Automatic;
				DEVELOPMENT_TEAM = 49LC2U8GDY;
				INFOPLIST_FILE = "Apple Pie/Info.plist";
				LD_RUNPATH_SEARCH_PATHS = (
					"$(inherited)",
					"@executable_path/Frameworks",
				);
				PRODUCT_BUNDLE_IDENTIFIER = "alshohateeaseel-gmail.com.Apple-Pie";
				PRODUCT_NAME = "$(TARGET_NAME)";
				SWIFT_VERSION = 4.2;
				TARGETED_DEVICE_FAMILY = 2;
			};
			name = Debug;
		};
		50B409552202408A0043F8E9 /* Release */ = {
			isa = XCBuildConfiguration;
			buildSettings = {
				ASSETCATALOG_COMPILER_APPICON_NAME = AppIcon;
				CODE_SIGN_STYLE = Automatic;
				DEVELOPMENT_TEAM = 49LC2U8GDY;
				INFOPLIST_FILE = "Apple Pie/Info.plist";
				LD_RUNPATH_SEARCH_PATHS = (
					"$(inherited)",
					"@executable_path/Frameworks",
				);
				PRODUCT_BUNDLE_IDENTIFIER = "alshohateeaseel-gmail.com.Apple-Pie";
				PRODUCT_NAME = "$(TARGET_NAME)";
				SWIFT_VERSION = 4.2;
				TARGETED_DEVICE_FAMILY = 2;
			};
			name = Release;
		};
		50B409572202408A0043F8E9 /* Debug */ = {
			isa = XCBuildConfiguration;
			buildSettings = {
				ALWAYS_EMBED_SWIFT_STANDARD_LIBRARIES = YES;
				BUNDLE_LOADER = "$(TEST_HOST)";
				CODE_SIGN_STYLE = Automatic;
				DEVELOPMENT_TEAM = 49LC2U8GDY;
				INFOPLIST_FILE = "Apple PieTests/Info.plist";
				LD_RUNPATH_SEARCH_PATHS = (
					"$(inherited)",
					"@executable_path/Frameworks",
					"@loader_path/Frameworks",
				);
				PRODUCT_BUNDLE_IDENTIFIER = "alshohateeaseel-gmail.com.Apple-PieTests";
				PRODUCT_NAME = "$(TARGET_NAME)";
				SWIFT_VERSION = 4.2;
				TARGETED_DEVICE_FAMILY = "1,2";
				TEST_HOST = "$(BUILT_PRODUCTS_DIR)/Apple Pie.app/Apple Pie";
			};
			name = Debug;
		};
		50B409582202408A0043F8E9 /* Release */ = {
			isa = XCBuildConfiguration;
			buildSettings = {
				ALWAYS_EMBED_SWIFT_STANDARD_LIBRARIES = YES;
				BUNDLE_LOADER = "$(TEST_HOST)";
				CODE_SIGN_STYLE = Automatic;
				DEVELOPMENT_TEAM = 49LC2U8GDY;
				INFOPLIST_FILE = "Apple PieTests/Info.plist";
				LD_RUNPATH_SEARCH_PATHS = (
					"$(inherited)",
					"@executable_path/Frameworks",
					"@loader_path/Frameworks",
				);
				PRODUCT_BUNDLE_IDENTIFIER = "alshohateeaseel-gmail.com.Apple-PieTests";
				PRODUCT_NAME = "$(TARGET_NAME)";
				SWIFT_VERSION = 4.2;
				TARGETED_DEVICE_FAMILY = "1,2";
				TEST_HOST = "$(BUILT_PRODUCTS_DIR)/Apple Pie.app/Apple Pie";
			};
			name = Release;
		};
		50B4095A2202408A0043F8E9 /* Debug */ = {
			isa = XCBuildConfiguration;
			buildSettings = {
				ALWAYS_EMBED_SWIFT_STANDARD_LIBRARIES = YES;
				CODE_SIGN_STYLE = Automatic;
				DEVELOPMENT_TEAM = 49LC2U8GDY;
				INFOPLIST_FILE = "Apple PieUITests/Info.plist";
				LD_RUNPATH_SEARCH_PATHS = (
					"$(inherited)",
					"@executable_path/Frameworks",
					"@loader_path/Frameworks",
				);
				PRODUCT_BUNDLE_IDENTIFIER = "alshohateeaseel-gmail.com.Apple-PieUITests";
				PRODUCT_NAME = "$(TARGET_NAME)";
				SWIFT_VERSION = 4.2;
				TARGETED_DEVICE_FAMILY = "1,2";
				TEST_TARGET_NAME = "Apple Pie";
			};
			name = Debug;
		};
		50B4095B2202408A0043F8E9 /* Release */ = {
			isa = XCBuildConfiguration;
			buildSettings = {
				ALWAYS_EMBED_SWIFT_STANDARD_LIBRARIES = YES;
				CODE_SIGN_STYLE = Automatic;
				DEVELOPMENT_TEAM = 49LC2U8GDY;
				INFOPLIST_FILE = "Apple PieUITests/Info.plist";
				LD_RUNPATH_SEARCH_PATHS = (
					"$(inherited)",
					"@executable_path/Frameworks",
					"@loader_path/Frameworks",
				);
				PRODUCT_BUNDLE_IDENTIFIER = "alshohateeaseel-gmail.com.Apple-PieUITests";
				PRODUCT_NAME = "$(TARGET_NAME)";
				SWIFT_VERSION = 4.2;
				TARGETED_DEVICE_FAMILY = "1,2";
				TEST_TARGET_NAME = "Apple Pie";
			};
			name = Release;
		};
/* End XCBuildConfiguration section */

/* Begin XCConfigurationList section */
		50B40926220240870043F8E9 /* Build configuration list for PBXProject "Apple Pie" */ = {
			isa = XCConfigurationList;
			buildConfigurations = (
				50B409512202408A0043F8E9 /* Debug */,
				50B409522202408A0043F8E9 /* Release */,
			);
			defaultConfigurationIsVisible = 0;
			defaultConfigurationName = Release;
		};
		50B409532202408A0043F8E9 /* Build configuration list for PBXNativeTarget "Apple Pie" */ = {
			isa = XCConfigurationList;
			buildConfigurations = (
				50B409542202408A0043F8E9 /* Debug */,
				50B409552202408A0043F8E9 /* Release */,
			);
			defaultConfigurationIsVisible = 0;
			defaultConfigurationName = Release;
		};
		50B409562202408A0043F8E9 /* Build configuration list for PBXNativeTarget "Apple PieTests" */ = {
			isa = XCConfigurationList;
			buildConfigurations = (
				50B409572202408A0043F8E9 /* Debug */,
				50B409582202408A0043F8E9 /* Release */,
			);
			defaultConfigurationIsVisible = 0;
			defaultConfigurationName = Release;
		};
		50B409592202408A0043F8E9 /* Build configuration list for PBXNativeTarget "Apple PieUITests" */ = {
			isa = XCConfigurationList;
			buildConfigurations = (
				50B4095A2202408A0043F8E9 /* Debug */,
				50B4095B2202408A0043F8E9 /* Release */,
			);
			defaultConfigurationIsVisible = 0;
			defaultConfigurationName = Release;
		};
/* End XCConfigurationList section */
	};
	rootObject = 50B40923220240870043F8E9 /* Project object */;
}
